
Microsoft Visual Studio Solution File, Format Version 12.00
# Visual Studio Version 16
VisualStudioVersion = 16.0.31424.327
MinimumVisualStudioVersion = 10.0.40219.1
Project("{FAE04EC0-301F-11D3-BF4B-00C04F79EFBC}") = "HS2_GirlsEntrance", "HS2_GirlsEntrance\HS2_GirlsEntrance.csproj", "{05B5D1EC-6616-4868-B62C-56CF29E50F0A}"
EndProject
Global
	GlobalSection(SolutionConfigurationPlatforms) = preSolution
		Debug|Any CPU = Debug|Any CPU
		Release|Any CPU = Release|Any CPU
	EndGlobalSection
	GlobalSection(ProjectConfigurationPlatforms) = postSolution
		{05B5D1EC-6616-4868-B62C-56CF29E50F0A}.Debug|Any CPU.ActiveCfg = Debug|Any CPU
		{05B5D1EC-6616-4868-B62C-56CF29E50F0A}.Debug|Any CPU.Build.0 = Debug|Any CPU
		{05B5D1EC-6616-4868-B62C-56CF29E50F0A}.Release|Any CPU.ActiveCfg = Release|Any CPU
		{05B5D1EC-6616-4868-B62C-56CF29E50F0A}.Release|Any CPU.Build.0 = Release|Any CPU
	EndGlobalSection
	GlobalSection(SolutionProperties) = preSolution
		HideSolutionNode = FALSE
	EndGlobalSection
	GlobalSection(ExtensibilityGlobals) = postSolution
		SolutionGuid = {1119A3B2-251E-4892-A95E-06F5BDDF8435}
	EndGlobalSection
EndGlobal
